
Microsoft Visual Studio Solution File, Format Version 12.00
# Visual Studio Version 17
VisualStudioVersion = 17.4.33122.133
MinimumVisualStudioVersion = 10.0.40219.1
Project("{FAE04EC0-301F-11D3-BF4B-00C04F79EFBC}") = "FirstOccurenceNo2", "FirstOccurenceNo2\FirstOccurenceNo2.csproj", "{153B7288-4791-4F83-BC01-F93EEE162F3C}"
EndProject
Global
	GlobalSection(SolutionConfigurationPlatforms) = preSolution
		Debug|Any CPU = Debug|Any CPU
		Release|Any CPU = Release|Any CPU
	EndGlobalSection
	GlobalSection(ProjectConfigurationPlatforms) = postSolution
		{153B7288-4791-4F83-BC01-F93EEE162F3C}.Debug|Any CPU.ActiveCfg = Debug|Any CPU
		{153B7288-4791-4F83-BC01-F93EEE162F3C}.Debug|Any CPU.Build.0 = Debug|Any CPU
		{153B7288-4791-4F83-BC01-F93EEE162F3C}.Release|Any CPU.ActiveCfg = Release|Any CPU
		{153B7288-4791-4F83-BC01-F93EEE162F3C}.Release|Any CPU.Build.0 = Release|Any CPU
	EndGlobalSection
	GlobalSection(SolutionProperties) = preSolution
		HideSolutionNode = FALSE
	EndGlobalSection
	GlobalSection(ExtensibilityGlobals) = postSolution
		SolutionGuid = {D1BFF335-0174-495C-86BE-5E6DD2142FD8}
	EndGlobalSection
EndGlobal
